
Microsoft Visual Studio Solution File, Format Version 12.00
# Visual Studio Version 17
VisualStudioVersion = 17.7.34202.233
MinimumVisualStudioVersion = 10.0.40219.1
Project("{9A19103F-16F7-4668-BE54-9A1E7A4F7556}") = "AtividadeBancoDeDados", "Aula13_11\AtividadeBancoDeDados.csproj", "{C2139995-5626-4321-9A4E-94C54255CF00}"
EndProject
Global
	GlobalSection(SolutionConfigurationPlatforms) = preSolution
		Debug|Any CPU = Debug|Any CPU
		Release|Any CPU = Release|Any CPU
	EndGlobalSection
	GlobalSection(ProjectConfigurationPlatforms) = postSolution
		{C2139995-5626-4321-9A4E-94C54255CF00}.Debug|Any CPU.ActiveCfg = Debug|Any CPU
		{C2139995-5626-4321-9A4E-94C54255CF00}.Debug|Any CPU.Build.0 = Debug|Any CPU
		{C2139995-5626-4321-9A4E-94C54255CF00}.Release|Any CPU.ActiveCfg = Release|Any CPU
		{C2139995-5626-4321-9A4E-94C54255CF00}.Release|Any CPU.Build.0 = Release|Any CPU
	EndGlobalSection
	GlobalSection(SolutionProperties) = preSolution
		HideSolutionNode = FALSE
	EndGlobalSection
	GlobalSection(ExtensibilityGlobals) = postSolution
		SolutionGuid = {5200F9A1-C6D2-475F-986D-8F04241E4336}
	EndGlobalSection
EndGlobal
