
Microsoft Visual Studio Solution File, Format Version 12.00
# Visual Studio Version 17
VisualStudioVersion = 17.7.34202.233
MinimumVisualStudioVersion = 10.0.40219.1
Project("{9A19103F-16F7-4668-BE54-9A1E7A4F7556}") = "ProjetoTempoDeVida", "ProjetoTempoDeVida\ProjetoTempoDeVida.csproj", "{92BCD953-A35C-4730-847A-672679A3D8AE}"
EndProject
Project("{FAE04EC0-301F-11D3-BF4B-00C04F79EFBC}") = "CalculadoraTempoDeVida", "CalculadoraTempoDeVida\CalculadoraTempoDeVida.csproj", "{6368F8D7-35F8-4A38-AA15-20AB4114F30A}"
EndProject
Global
	GlobalSection(SolutionConfigurationPlatforms) = preSolution
		Debug|Any CPU = Debug|Any CPU
		Release|Any CPU = Release|Any CPU
	EndGlobalSection
	GlobalSection(ProjectConfigurationPlatforms) = postSolution
		{92BCD953-A35C-4730-847A-672679A3D8AE}.Debug|Any CPU.ActiveCfg = Debug|Any CPU
		{92BCD953-A35C-4730-847A-672679A3D8AE}.Debug|Any CPU.Build.0 = Debug|Any CPU
		{92BCD953-A35C-4730-847A-672679A3D8AE}.Release|Any CPU.ActiveCfg = Release|Any CPU
		{92BCD953-A35C-4730-847A-672679A3D8AE}.Release|Any CPU.Build.0 = Release|Any CPU
		{6368F8D7-35F8-4A38-AA15-20AB4114F30A}.Debug|Any CPU.ActiveCfg = Debug|Any CPU
		{6368F8D7-35F8-4A38-AA15-20AB4114F30A}.Debug|Any CPU.Build.0 = Debug|Any CPU
		{6368F8D7-35F8-4A38-AA15-20AB4114F30A}.Release|Any CPU.ActiveCfg = Release|Any CPU
		{6368F8D7-35F8-4A38-AA15-20AB4114F30A}.Release|Any CPU.Build.0 = Release|Any CPU
	EndGlobalSection
	GlobalSection(SolutionProperties) = preSolution
		HideSolutionNode = FALSE
	EndGlobalSection
	GlobalSection(ExtensibilityGlobals) = postSolution
		SolutionGuid = {FC4510F4-3966-4EEB-8121-7C6230256AD6}
	EndGlobalSection
EndGlobal
