
Microsoft Visual Studio Solution File, Format Version 12.00
# Visual Studio Version 17
VisualStudioVersion = 17.7.34202.233
MinimumVisualStudioVersion = 10.0.40219.1
Project("{9A19103F-16F7-4668-BE54-9A1E7A4F7556}") = "SegundaSemana", "SegundaSemana\SegundaSemana.csproj", "{FDDCDB07-DF7D-4493-ACA0-358C23E55AF1}"
EndProject
Project("{FAE04EC0-301F-11D3-BF4B-00C04F79EFBC}") = "LotericaSorteador", "LotericaSorteador\LotericaSorteador.csproj", "{1FC3B1DF-B101-4F0B-9B5A-939376D6F0FA}"
EndProject
Global
	GlobalSection(SolutionConfigurationPlatforms) = preSolution
		Debug|Any CPU = Debug|Any CPU
		Release|Any CPU = Release|Any CPU
	EndGlobalSection
	GlobalSection(ProjectConfigurationPlatforms) = postSolution
		{FDDCDB07-DF7D-4493-ACA0-358C23E55AF1}.Debug|Any CPU.ActiveCfg = Debug|Any CPU
		{FDDCDB07-DF7D-4493-ACA0-358C23E55AF1}.Debug|Any CPU.Build.0 = Debug|Any CPU
		{FDDCDB07-DF7D-4493-ACA0-358C23E55AF1}.Release|Any CPU.ActiveCfg = Release|Any CPU
		{FDDCDB07-DF7D-4493-ACA0-358C23E55AF1}.Release|Any CPU.Build.0 = Release|Any CPU
		{1FC3B1DF-B101-4F0B-9B5A-939376D6F0FA}.Debug|Any CPU.ActiveCfg = Debug|Any CPU
		{1FC3B1DF-B101-4F0B-9B5A-939376D6F0FA}.Debug|Any CPU.Build.0 = Debug|Any CPU
		{1FC3B1DF-B101-4F0B-9B5A-939376D6F0FA}.Release|Any CPU.ActiveCfg = Release|Any CPU
		{1FC3B1DF-B101-4F0B-9B5A-939376D6F0FA}.Release|Any CPU.Build.0 = Release|Any CPU
	EndGlobalSection
	GlobalSection(SolutionProperties) = preSolution
		HideSolutionNode = FALSE
	EndGlobalSection
	GlobalSection(ExtensibilityGlobals) = postSolution
		SolutionGuid = {EE4FCC20-A03F-4197-87AB-10D06FB6AFB7}
	EndGlobalSection
EndGlobal
